// !$*UTF8*$!
{
	archiveVersion = 1;
	classes = {
	};
	objectVersion = 63;
	objects = {

/* Begin PBXBuildFile section */
		02A7372E27C4F91FF451147D /* CurrencyRateService.swift in Sources */ = {isa = PBXBuildFile; fileRef = 31EFAEAAAE8C4AED2FCF4D8E /* CurrencyRateService.swift */; };
		0EE579919F75B5E6FDD1EEB3 /* Colors.xcassets in Resources */ = {isa = PBXBuildFile; fileRef = 872FA9316EEA50FDFFEDF453 /* Colors.xcassets */; };
		0F0B0909B114DDAA0CB85E3B /* FinanceMode.swift in Sources */ = {isa = PBXBuildFile; fileRef = A6B352056AC01731A0768124 /* FinanceMode.swift */; };
		157F4441E8CBEE3368A50BB2 /* GoalsViewModel.swift in Sources */ = {isa = PBXBuildFile; fileRef = 55690295AA5B3359DD8CB74D /* GoalsViewModel.swift */; };
		3D5D0C381EE6D85700D96A69 /* PlayfairDisplay-Regular.ttf in Resources */ = {isa = PBXBuildFile; fileRef = 3FE7695AE8B2ED3AA972F770 /* PlayfairDisplay-Regular.ttf */; };
		4C6516920C6F02B093AE0EE3 /* Strings.swift in Sources */ = {isa = PBXBuildFile; fileRef = 78C7F33A815EE1ABEA83113B /* Strings.swift */; };
		4EC4A1B46BE901B3C56A0EE1 /* ContentView.swift in Sources */ = {isa = PBXBuildFile; fileRef = EC507A642E5CC6CCF5665C02 /* ContentView.swift */; };
		4F000C788353592D5902BFC1 /* GoalsView.swift in Sources */ = {isa = PBXBuildFile; fileRef = 1DA45B38C9BF7167F3EBF0BF /* GoalsView.swift */; };
		58FE66205A3C4D6B4420123E /* AnalyticsViewModel.swift in Sources */ = {isa = PBXBuildFile; fileRef = E239C6AF0215D075C6C783E2 /* AnalyticsViewModel.swift */; };
		5A1081FE974C0D996F70317C /* Goal.swift in Sources */ = {isa = PBXBuildFile; fileRef = 0DA119B4B5472668DC29136A /* Goal.swift */; };
		5A9397255E831AFBA44B4754 /* Localizable.strings in Resources */ = {isa = PBXBuildFile; fileRef = D0788F4468FB18FE4ACEE329 /* Localizable.strings */; };
		6D7BC1D624C8F6D6C8F72282 /* SettingsButton.swift in Sources */ = {isa = PBXBuildFile; fileRef = EA6EB657B3DB2B42E31CF799 /* SettingsButton.swift */; };
		744E72701F8DA608EFF663DC /* Preview Assets.xcassets in Resources */ = {isa = PBXBuildFile; fileRef = 776385C73C2A4579594EC064 /* Preview Assets.xcassets */; };
		77A4794401FDF87FB0449888 /* AnalyticsView.swift in Sources */ = {isa = PBXBuildFile; fileRef = 80E69111B398BD8430D83C7B /* AnalyticsView.swift */; };
		79FBF68B95865F657B850327 /* Images.xcassets in Resources */ = {isa = PBXBuildFile; fileRef = 17EC2B1FF8E266C2F6B5D3F2 /* Images.xcassets */; };
		8430F881960FF1408AC287CB /* TransactionRepository.swift in Sources */ = {isa = PBXBuildFile; fileRef = 4C90749FDA9E92967171E5CF /* TransactionRepository.swift */; };
		A2FBAD1BA41ECA7F7E3EFE67 /* CurrencyConverter.swift in Sources */ = {isa = PBXBuildFile; fileRef = A34D708473BFCE91ACED25F3 /* CurrencyConverter.swift */; };
		A3B0761A3A862808BFDD1896 /* FinanceDashboardViewModel.swift in Sources */ = {isa = PBXBuildFile; fileRef = 230B1C964ACFA9AF6E9C844B /* FinanceDashboardViewModel.swift */; };
		ABD07299F8E67836BBF7A4AD /* BudgetApp.swift in Sources */ = {isa = PBXBuildFile; fileRef = 3F14E9FA24F699B7AEA4DF23 /* BudgetApp.swift */; };
		B16B3557382277E4C7C2BF1B /* FinanceDashboardView.swift in Sources */ = {isa = PBXBuildFile; fileRef = 0FACD7D9CB943D0DAD3F157A /* FinanceDashboardView.swift */; };
		BFAAEC0982FDE48C4E8F164D /* GridExpenseTableView.swift in Sources */ = {isa = PBXBuildFile; fileRef = E39E2DF63FAE0F16C4DFE3C4 /* GridExpenseTableView.swift */; };
		C5AF8B5E96C863DC67C4FEDE /* GoalRepository.swift in Sources */ = {isa = PBXBuildFile; fileRef = CFDA64CBFB3C3D70538FEF23 /* GoalRepository.swift */; };
		D0EE90492578400CFDC389CE /* Font+Ex.swift in Sources */ = {isa = PBXBuildFile; fileRef = F18A1EBF6620402DF6EF1347 /* Font+Ex.swift */; };
		DC3A52087CB8F2A84A5D8433 /* Publics.swift in Sources */ = {isa = PBXBuildFile; fileRef = 3A0C500C21B751FE56A33795 /* Publics.swift */; };
		DE96648DE55B6996E2750672 /* Category.swift in Sources */ = {isa = PBXBuildFile; fileRef = 760D1AF22163325B105B0651 /* Category.swift */; };
		E4FC6A48763087FC11CBA4C6 /* Assets.swift in Sources */ = {isa = PBXBuildFile; fileRef = 380E22400432A9740D548D5F /* Assets.swift */; };
		E611CBA178808EC9C2BE5D83 /* CategorySummary.swift in Sources */ = {isa = PBXBuildFile; fileRef = 6EFE5D0B4B1F08709E480577 /* CategorySummary.swift */; };
		F4995BF9125F19831F893A7A /* Transaction.swift in Sources */ = {isa = PBXBuildFile; fileRef = 492BB151F6A45003708B9356 /* Transaction.swift */; };
		F5FB94F759B5D7E7DCA60103 /* PlayfairDisplay-Bold.ttf in Resources */ = {isa = PBXBuildFile; fileRef = 7304DBB20327295429565A47 /* PlayfairDisplay-Bold.ttf */; };
		F6339AD4FDAA29026C0594CF /* PlayfairDisplay-SemiBold.ttf in Resources */ = {isa = PBXBuildFile; fileRef = 8DDEF2502BD95AAA93F9D1EA /* PlayfairDisplay-SemiBold.ttf */; };
/* End PBXBuildFile section */

/* Begin PBXFileReference section */
		0CC701E37BD3916F748041B4 /* Info.plist */ = {isa = PBXFileReference; lastKnownFileType = text.plist; path = Info.plist; sourceTree = "<group>"; };
		0DA119B4B5472668DC29136A /* Goal.swift */ = {isa = PBXFileReference; lastKnownFileType = sourcecode.swift; path = Goal.swift; sourceTree = "<group>"; };
		0FACD7D9CB943D0DAD3F157A /* FinanceDashboardView.swift */ = {isa = PBXFileReference; lastKnownFileType = sourcecode.swift; path = FinanceDashboardView.swift; sourceTree = "<group>"; };
		17EC2B1FF8E266C2F6B5D3F2 /* Images.xcassets */ = {isa = PBXFileReference; lastKnownFileType = folder.assetcatalog; path = Images.xcassets; sourceTree = "<group>"; };
		1DA45B38C9BF7167F3EBF0BF /* GoalsView.swift */ = {isa = PBXFileReference; lastKnownFileType = sourcecode.swift; path = GoalsView.swift; sourceTree = "<group>"; };
		230B1C964ACFA9AF6E9C844B /* FinanceDashboardViewModel.swift */ = {isa = PBXFileReference; lastKnownFileType = sourcecode.swift; path = FinanceDashboardViewModel.swift; sourceTree = "<group>"; };
		2782F11CA96D80ADA87EDA5C /* Budget.entitlements */ = {isa = PBXFileReference; lastKnownFileType = text.plist.entitlements; path = Budget.entitlements; sourceTree = "<group>"; };
		31EFAEAAAE8C4AED2FCF4D8E /* CurrencyRateService.swift */ = {isa = PBXFileReference; lastKnownFileType = sourcecode.swift; path = CurrencyRateService.swift; sourceTree = "<group>"; };
		380E22400432A9740D548D5F /* Assets.swift */ = {isa = PBXFileReference; lastKnownFileType = sourcecode.swift; path = Assets.swift; sourceTree = "<group>"; };
		38968878A9D4A6C2E0EDFE00 /* en */ = {isa = PBXFileReference; lastKnownFileType = text.plist.strings; name = en; path = en.lproj/Localizable.strings; sourceTree = "<group>"; };
		3A0C500C21B751FE56A33795 /* Publics.swift */ = {isa = PBXFileReference; lastKnownFileType = sourcecode.swift; path = Publics.swift; sourceTree = "<group>"; };
		3F14E9FA24F699B7AEA4DF23 /* BudgetApp.swift */ = {isa = PBXFileReference; lastKnownFileType = sourcecode.swift; path = BudgetApp.swift; sourceTree = "<group>"; };
		3FE7695AE8B2ED3AA972F770 /* PlayfairDisplay-Regular.ttf */ = {isa = PBXFileReference; lastKnownFileType = file; path = "PlayfairDisplay-Regular.ttf"; sourceTree = "<group>"; };
		492BB151F6A45003708B9356 /* Transaction.swift */ = {isa = PBXFileReference; lastKnownFileType = sourcecode.swift; path = Transaction.swift; sourceTree = "<group>"; };
		4C90749FDA9E92967171E5CF /* TransactionRepository.swift */ = {isa = PBXFileReference; lastKnownFileType = sourcecode.swift; path = TransactionRepository.swift; sourceTree = "<group>"; };
		55690295AA5B3359DD8CB74D /* GoalsViewModel.swift */ = {isa = PBXFileReference; lastKnownFileType = sourcecode.swift; path = GoalsViewModel.swift; sourceTree = "<group>"; };
		6EFE5D0B4B1F08709E480577 /* CategorySummary.swift */ = {isa = PBXFileReference; lastKnownFileType = sourcecode.swift; path = CategorySummary.swift; sourceTree = "<group>"; };
		7304DBB20327295429565A47 /* PlayfairDisplay-Bold.ttf */ = {isa = PBXFileReference; lastKnownFileType = file; path = "PlayfairDisplay-Bold.ttf"; sourceTree = "<group>"; };
		760D1AF22163325B105B0651 /* Category.swift */ = {isa = PBXFileReference; lastKnownFileType = sourcecode.swift; path = Category.swift; sourceTree = "<group>"; };
		776385C73C2A4579594EC064 /* Preview Assets.xcassets */ = {isa = PBXFileReference; lastKnownFileType = folder.assetcatalog; path = "Preview Assets.xcassets"; sourceTree = "<group>"; };
		78C7F33A815EE1ABEA83113B /* Strings.swift */ = {isa = PBXFileReference; lastKnownFileType = sourcecode.swift; path = Strings.swift; sourceTree = "<group>"; };
		7C1F0D64B81A1509B0BD59F3 /* Budget.app */ = {isa = PBXFileReference; explicitFileType = wrapper.application; includeInIndex = 0; path = Budget.app; sourceTree = BUILT_PRODUCTS_DIR; };
		80E69111B398BD8430D83C7B /* AnalyticsView.swift */ = {isa = PBXFileReference; lastKnownFileType = sourcecode.swift; path = AnalyticsView.swift; sourceTree = "<group>"; };
		872FA9316EEA50FDFFEDF453 /* Colors.xcassets */ = {isa = PBXFileReference; lastKnownFileType = folder.assetcatalog; path = Colors.xcassets; sourceTree = "<group>"; };
		8DDEF2502BD95AAA93F9D1EA /* PlayfairDisplay-SemiBold.ttf */ = {isa = PBXFileReference; lastKnownFileType = file; path = "PlayfairDisplay-SemiBold.ttf"; sourceTree = "<group>"; };
		A34D708473BFCE91ACED25F3 /* CurrencyConverter.swift */ = {isa = PBXFileReference; lastKnownFileType = sourcecode.swift; path = CurrencyConverter.swift; sourceTree = "<group>"; };
		A6B352056AC01731A0768124 /* FinanceMode.swift */ = {isa = PBXFileReference; lastKnownFileType = sourcecode.swift; path = FinanceMode.swift; sourceTree = "<group>"; };
		CFDA64CBFB3C3D70538FEF23 /* GoalRepository.swift */ = {isa = PBXFileReference; lastKnownFileType = sourcecode.swift; path = GoalRepository.swift; sourceTree = "<group>"; };
		E239C6AF0215D075C6C783E2 /* AnalyticsViewModel.swift */ = {isa = PBXFileReference; lastKnownFileType = sourcecode.swift; path = AnalyticsViewModel.swift; sourceTree = "<group>"; };
		E39E2DF63FAE0F16C4DFE3C4 /* GridExpenseTableView.swift */ = {isa = PBXFileReference; lastKnownFileType = sourcecode.swift; path = GridExpenseTableView.swift; sourceTree = "<group>"; };
		EA6EB657B3DB2B42E31CF799 /* SettingsButton.swift */ = {isa = PBXFileReference; lastKnownFileType = sourcecode.swift; path = SettingsButton.swift; sourceTree = "<group>"; };
		EC507A642E5CC6CCF5665C02 /* ContentView.swift */ = {isa = PBXFileReference; lastKnownFileType = sourcecode.swift; path = ContentView.swift; sourceTree = "<group>"; };
		F18A1EBF6620402DF6EF1347 /* Font+Ex.swift */ = {isa = PBXFileReference; lastKnownFileType = sourcecode.swift; path = "Font+Ex.swift"; sourceTree = "<group>"; };
/* End PBXFileReference section */

/* Begin PBXGroup section */
		06784C47C47D781EB483E69A /* Products */ = {
			isa = PBXGroup;
			children = (
				7C1F0D64B81A1509B0BD59F3 /* Budget.app */,
			);
			name = Products;
			sourceTree = "<group>";
		};
		0A91A580422FB8BC1F4ED0E1 /* Models */ = {
			isa = PBXGroup;
			children = (
				760D1AF22163325B105B0651 /* Category.swift */,
				6EFE5D0B4B1F08709E480577 /* CategorySummary.swift */,
				A6B352056AC01731A0768124 /* FinanceMode.swift */,
				0DA119B4B5472668DC29136A /* Goal.swift */,
				492BB151F6A45003708B9356 /* Transaction.swift */,
			);
			path = Models;
			sourceTree = "<group>";
		};
		1F453B94259AB27D0A64985E /* Extentions */ = {
			isa = PBXGroup;
			children = (
				F18A1EBF6620402DF6EF1347 /* Font+Ex.swift */,
			);
			path = Extentions;
			sourceTree = "<group>";
		};
		25F6104642ED90B75F610B92 /* UIComponents */ = {
			isa = PBXGroup;
			children = (
				E39E2DF63FAE0F16C4DFE3C4 /* GridExpenseTableView.swift */,
				EA6EB657B3DB2B42E31CF799 /* SettingsButton.swift */,
			);
			path = UIComponents;
			sourceTree = "<group>";
		};
		2772E8A3DAFC5B7318087B99 /* Budget */ = {
			isa = PBXGroup;
			children = (
				B5BAADA12FA0FDD100459B1A /* Modules */,
				2782F11CA96D80ADA87EDA5C /* Budget.entitlements */,
				3F14E9FA24F699B7AEA4DF23 /* BudgetApp.swift */,
				EC507A642E5CC6CCF5665C02 /* ContentView.swift */,
				0CC701E37BD3916F748041B4 /* Info.plist */,
				80EFB919D3E8764BA816BA96 /* Generated */,
				0A91A580422FB8BC1F4ED0E1 /* Models */,
				7D38643BDD1847E9B5EAE245 /* Preview Content */,
				F816BAA4458113FD8CB3BD33 /* Resources */,
				3D61BFA69497E5A854A09001 /* Services */,
				25F6104642ED90B75F610B92 /* UIComponents */,
			);
			path = Budget;
			sourceTree = "<group>";
		};
		3D61BFA69497E5A854A09001 /* Services */ = {
			isa = PBXGroup;
			children = (
				A34D708473BFCE91ACED25F3 /* CurrencyConverter.swift */,
				31EFAEAAAE8C4AED2FCF4D8E /* CurrencyRateService.swift */,
				CFDA64CBFB3C3D70538FEF23 /* GoalRepository.swift */,
				4C90749FDA9E92967171E5CF /* TransactionRepository.swift */,
			);
			path = Services;
			sourceTree = "<group>";
		};
		7D38643BDD1847E9B5EAE245 /* Preview Content */ = {
			isa = PBXGroup;
			children = (
				776385C73C2A4579594EC064 /* Preview Assets.xcassets */,
			);
			path = "Preview Content";
			sourceTree = "<group>";
		};
		80EFB919D3E8764BA816BA96 /* Generated */ = {
			isa = PBXGroup;
			children = (
				380E22400432A9740D548D5F /* Assets.swift */,
				78C7F33A815EE1ABEA83113B /* Strings.swift */,
			);
			path = Generated;
			sourceTree = "<group>";
		};
		B5BAADA02FA0FDC000459B1A /* Analytics */ = {
			isa = PBXGroup;
			children = (
				80E69111B398BD8430D83C7B /* AnalyticsView.swift */,
				E239C6AF0215D075C6C783E2 /* AnalyticsViewModel.swift */,
			);
			path = Analytics;
			sourceTree = "<group>";
		};
		B5BAADA12FA0FDD100459B1A /* Modules */ = {
			isa = PBXGroup;
			children = (
				B5BAADA02FA0FDC000459B1A /* Analytics */,
				B5BAADA22FA0FDE100459B1A /* FinanceDashboard */,
				B5BAADA32FA0FDFE00459B1A /* Goals */,
			);
			path = Modules;
			sourceTree = "<group>";
		};
		B5BAADA22FA0FDE100459B1A /* FinanceDashboard */ = {
			isa = PBXGroup;
			children = (
				230B1C964ACFA9AF6E9C844B /* FinanceDashboardViewModel.swift */,
				0FACD7D9CB943D0DAD3F157A /* FinanceDashboardView.swift */,
			);
			path = FinanceDashboard;
			sourceTree = "<group>";
		};
		B5BAADA32FA0FDFE00459B1A /* Goals */ = {
			isa = PBXGroup;
			children = (
				1DA45B38C9BF7167F3EBF0BF /* GoalsView.swift */,
				55690295AA5B3359DD8CB74D /* GoalsViewModel.swift */,
			);
			path = Goals;
			sourceTree = "<group>";
		};
		B75EF091D92B7DA6E0A5F25E = {
			isa = PBXGroup;
			children = (
				2772E8A3DAFC5B7318087B99 /* Budget */,
				06784C47C47D781EB483E69A /* Products */,
			);
			sourceTree = "<group>";
		};
		C98A936B1A9B78B6AA113DBB /* Fonts */ = {
			isa = PBXGroup;
			children = (
				7304DBB20327295429565A47 /* PlayfairDisplay-Bold.ttf */,
				3FE7695AE8B2ED3AA972F770 /* PlayfairDisplay-Regular.ttf */,
				8DDEF2502BD95AAA93F9D1EA /* PlayfairDisplay-SemiBold.ttf */,
			);
			path = Fonts;
			sourceTree = "<group>";
		};
		F816BAA4458113FD8CB3BD33 /* Resources */ = {
			isa = PBXGroup;
			children = (
				872FA9316EEA50FDFFEDF453 /* Colors.xcassets */,
				17EC2B1FF8E266C2F6B5D3F2 /* Images.xcassets */,
				D0788F4468FB18FE4ACEE329 /* Localizable.strings */,
				3A0C500C21B751FE56A33795 /* Publics.swift */,
				1F453B94259AB27D0A64985E /* Extentions */,
				C98A936B1A9B78B6AA113DBB /* Fonts */,
			);
			path = Resources;
			sourceTree = "<group>";
		};
/* End PBXGroup section */

/* Begin PBXNativeTarget section */
		6B5071E5FFBF237B8490DF46 /* Budget */ = {
			isa = PBXNativeTarget;
			buildConfigurationList = 378AD6AF88D4E4539C9E61B7 /* Build configuration list for PBXNativeTarget "Budget" */;
			buildPhases = (
				96A1278BADA2082E13D0ED5C /* Generate SwiftGen Files */,
				EDC772926E7B1568CA0C2332 /* Sources */,
				425FD62E064C2CA1F21779EF /* Resources */,
			);
			buildRules = (
			);
			dependencies = (
			);
			name = Budget;
			packageProductDependencies = (
			);
			productName = Budget;
			productReference = 7C1F0D64B81A1509B0BD59F3 /* Budget.app */;
			productType = "com.apple.product-type.application";
		};
/* End PBXNativeTarget section */

/* Begin PBXProject section */
		F211A290D1186B8F60580068 /* Project object */ = {
			isa = PBXProject;
			attributes = {
				BuildIndependentTargetsInParallel = YES;
				LastUpgradeCheck = 1430;
				TargetAttributes = {
					6B5071E5FFBF237B8490DF46 = {
						ProvisioningStyle = Automatic;
					};
				};
			};
			buildConfigurationList = 082E544B8F7DC93AB324E94C /* Build configuration list for PBXProject "Budget" */;
			compatibilityVersion = "Xcode 14.0";
			developmentRegion = en;
			hasScannedForEncodings = 0;
			knownRegions = (
				Base,
				en,
			);
			mainGroup = B75EF091D92B7DA6E0A5F25E;
			minimizedProjectReferenceProxies = 1;
			projectDirPath = "";
			projectRoot = "";
			targets = (
				6B5071E5FFBF237B8490DF46 /* Budget */,
			);
		};
/* End PBXProject section */

/* Begin PBXResourcesBuildPhase section */
		425FD62E064C2CA1F21779EF /* Resources */ = {
			isa = PBXResourcesBuildPhase;
			buildActionMask = 2147483647;
			files = (
				0EE579919F75B5E6FDD1EEB3 /* Colors.xcassets in Resources */,
				79FBF68B95865F657B850327 /* Images.xcassets in Resources */,
				5A9397255E831AFBA44B4754 /* Localizable.strings in Resources */,
				F5FB94F759B5D7E7DCA60103 /* PlayfairDisplay-Bold.ttf in Resources */,
				3D5D0C381EE6D85700D96A69 /* PlayfairDisplay-Regular.ttf in Resources */,
				F6339AD4FDAA29026C0594CF /* PlayfairDisplay-SemiBold.ttf in Resources */,
				744E72701F8DA608EFF663DC /* Preview Assets.xcassets in Resources */,
			);
			runOnlyForDeploymentPostprocessing = 0;
		};
/* End PBXResourcesBuildPhase section */

/* Begin PBXShellScriptBuildPhase section */
		96A1278BADA2082E13D0ED5C /* Generate SwiftGen Files */ = {
			isa = PBXShellScriptBuildPhase;
			buildActionMask = 2147483647;
			files = (
			);
			inputFileListPaths = (
			);
			inputPaths = (
			);
			name = "Generate SwiftGen Files";
			outputFileListPaths = (
			);
			outputPaths = (
			);
			runOnlyForDeploymentPostprocessing = 0;
			shellPath = /bin/sh;
			shellScript = "if which swiftgen >/dev/null; then\n  swiftgen config run --config swiftgen.yml\nelse\n  echo \"warning: SwiftGen not installed, download from https://github.com/SwiftGen/SwiftGen\"\nfi\n";
		};
/* End PBXShellScriptBuildPhase section */

/* Begin PBXSourcesBuildPhase section */
		EDC772926E7B1568CA0C2332 /* Sources */ = {
			isa = PBXSourcesBuildPhase;
			buildActionMask = 2147483647;
			files = (
				77A4794401FDF87FB0449888 /* AnalyticsView.swift in Sources */,
				58FE66205A3C4D6B4420123E /* AnalyticsViewModel.swift in Sources */,
				E4FC6A48763087FC11CBA4C6 /* Assets.swift in Sources */,
				ABD07299F8E67836BBF7A4AD /* BudgetApp.swift in Sources */,
				DE96648DE55B6996E2750672 /* Category.swift in Sources */,
				E611CBA178808EC9C2BE5D83 /* CategorySummary.swift in Sources */,
				4EC4A1B46BE901B3C56A0EE1 /* ContentView.swift in Sources */,
				A2FBAD1BA41ECA7F7E3EFE67 /* CurrencyConverter.swift in Sources */,
				02A7372E27C4F91FF451147D /* CurrencyRateService.swift in Sources */,
				B16B3557382277E4C7C2BF1B /* FinanceDashboardView.swift in Sources */,
				A3B0761A3A862808BFDD1896 /* FinanceDashboardViewModel.swift in Sources */,
				0F0B0909B114DDAA0CB85E3B /* FinanceMode.swift in Sources */,
				D0EE90492578400CFDC389CE /* Font+Ex.swift in Sources */,
				5A1081FE974C0D996F70317C /* Goal.swift in Sources */,
				C5AF8B5E96C863DC67C4FEDE /* GoalRepository.swift in Sources */,
				4F000C788353592D5902BFC1 /* GoalsView.swift in Sources */,
				157F4441E8CBEE3368A50BB2 /* GoalsViewModel.swift in Sources */,
				BFAAEC0982FDE48C4E8F164D /* GridExpenseTableView.swift in Sources */,
				DC3A52087CB8F2A84A5D8433 /* Publics.swift in Sources */,
				6D7BC1D624C8F6D6C8F72282 /* SettingsButton.swift in Sources */,
				4C6516920C6F02B093AE0EE3 /* Strings.swift in Sources */,
				F4995BF9125F19831F893A7A /* Transaction.swift in Sources */,
				8430F881960FF1408AC287CB /* TransactionRepository.swift in Sources */,
			);
			runOnlyForDeploymentPostprocessing = 0;
		};
/* End PBXSourcesBuildPhase section */

/* Begin PBXVariantGroup section */
		D0788F4468FB18FE4ACEE329 /* Localizable.strings */ = {
			isa = PBXVariantGroup;
			children = (
				38968878A9D4A6C2E0EDFE00 /* en */,
			);
			name = Localizable.strings;
			sourceTree = "<group>";
		};
/* End PBXVariantGroup section */

/* Begin XCBuildConfiguration section */
		287F6A5363E5C17AD3C781BC /* Release */ = {
			isa = XCBuildConfiguration;
			buildSettings = {
				ALWAYS_SEARCH_USER_PATHS = NO;
				CLANG_ANALYZER_NONNULL = YES;
				CLANG_ANALYZER_NUMBER_OBJECT_CONVERSION = YES_AGGRESSIVE;
				CLANG_CXX_LANGUAGE_STANDARD = "gnu++14";
				CLANG_CXX_LIBRARY = "libc++";
				CLANG_ENABLE_MODULES = YES;
				CLANG_ENABLE_OBJC_ARC = YES;
				CLANG_ENABLE_OBJC_WEAK = YES;
				CLANG_WARN_BLOCK_CAPTURE_AUTORELEASING = YES;
				CLANG_WARN_BOOL_CONVERSION = YES;
				CLANG_WARN_COMMA = YES;
				CLANG_WARN_CONSTANT_CONVERSION = YES;
				CLANG_WARN_DEPRECATED_OBJC_IMPLEMENTATIONS = YES;
				CLANG_WARN_DIRECT_OBJC_ISA_USAGE = YES_ERROR;
				CLANG_WARN_DOCUMENTATION_COMMENTS = YES;
				CLANG_WARN_EMPTY_BODY = YES;
				CLANG_WARN_ENUM_CONVERSION = YES;
				CLANG_WARN_INFINITE_RECURSION = YES;
				CLANG_WARN_INT_CONVERSION = YES;
				CLANG_WARN_NON_LITERAL_NULL_CONVERSION = YES;
				CLANG_WARN_OBJC_IMPLICIT_RETAIN_SELF = YES;
				CLANG_WARN_OBJC_LITERAL_CONVERSION = YES;
				CLANG_WARN_OBJC_ROOT_CLASS = YES_ERROR;
				CLANG_WARN_QUOTED_INCLUDE_IN_FRAMEWORK_HEADER = YES;
				CLANG_WARN_RANGE_LOOP_ANALYSIS = YES;
				CLANG_WARN_STRICT_PROTOTYPES = YES;
				CLANG_WARN_SUSPICIOUS_MOVE = YES;
				CLANG_WARN_UNGUARDED_AVAILABILITY = YES_AGGRESSIVE;
				CLANG_WARN_UNREACHABLE_CODE = YES;
				CLANG_WARN__DUPLICATE_METHOD_MATCH = YES;
				CODE_SIGN_IDENTITY = "iPhone Developer";
				CODE_SIGN_STYLE = Automatic;
				COPY_PHASE_STRIP = NO;
				CURRENT_PROJECT_VERSION = 1;
				DEBUG_INFORMATION_FORMAT = "dwarf-with-dsym";
				ENABLE_NS_ASSERTIONS = NO;
				ENABLE_STRICT_OBJC_MSGSEND = YES;
				GCC_C_LANGUAGE_STANDARD = gnu11;
				GCC_NO_COMMON_BLOCKS = YES;
				GCC_WARN_64_TO_32_BIT_CONVERSION = YES;
				GCC_WARN_ABOUT_RETURN_TYPE = YES_ERROR;
				GCC_WARN_UNDECLARED_SELECTOR = YES;
				GCC_WARN_UNINITIALIZED_AUTOS = YES_AGGRESSIVE;
				GCC_WARN_UNUSED_FUNCTION = YES;
				GCC_WARN_UNUSED_VARIABLE = YES;
				IPHONEOS_DEPLOYMENT_TARGET = 16.0;
				MARKETING_VERSION = 1.0.0;
				MTL_ENABLE_DEBUG_INFO = NO;
				MTL_FAST_MATH = YES;
				PRODUCT_NAME = Budget;
				SDKROOT = iphoneos;
				SWIFT_COMPILATION_MODE = wholemodule;
				SWIFT_OPTIMIZATION_LEVEL = "-O";
				SWIFT_VERSION = 5.0;
			};
			name = Release;
		};
		871605B27432B7E0D42E1E2C /* Release */ = {
			isa = XCBuildConfiguration;
			buildSettings = {
				ASSETCATALOG_COMPILER_APPICON_NAME = AppIcon;
				CODE_SIGN_ENTITLEMENTS = Budget/Budget.entitlements;
				CODE_SIGN_IDENTITY = "iPhone Developer";
				CODE_SIGN_STYLE = Automatic;
				CURRENT_PROJECT_VERSION = 1;
				DEVELOPMENT_TEAM = 4H9NWHD2A8;
				INFOPLIST_FILE = Budget/Info.plist;
				LD_RUNPATH_SEARCH_PATHS = (
					"$(inherited)",
					"@executable_path/Frameworks",
				);
				MARKETING_VERSION = 1.0.0;
				PRODUCT_BUNDLE_IDENTIFIER = com.Budget.Consultant;
				SDKROOT = iphoneos;
				SUPPORTED_PLATFORMS = "iphoneos iphonesimulator";
				SUPPORTS_MACCATALYST = NO;
				SUPPORTS_MAC_DESIGNED_FOR_IPHONE_IPAD = NO;
				SUPPORTS_XR_DESIGNED_FOR_IPHONE_IPAD = YES;
				TARGETED_DEVICE_FAMILY = "1,2";
			};
			name = Release;
		};
		8EB5046102E618DD1AD31F53 /* Debug */ = {
			isa = XCBuildConfiguration;
			buildSettings = {
				ALWAYS_SEARCH_USER_PATHS = NO;
				CLANG_ANALYZER_NONNULL = YES;
				CLANG_ANALYZER_NUMBER_OBJECT_CONVERSION = YES_AGGRESSIVE;
				CLANG_CXX_LANGUAGE_STANDARD = "gnu++14";
				CLANG_CXX_LIBRARY = "libc++";
				CLANG_ENABLE_MODULES = YES;
				CLANG_ENABLE_OBJC_ARC = YES;
				CLANG_ENABLE_OBJC_WEAK = YES;
				CLANG_WARN_BLOCK_CAPTURE_AUTORELEASING = YES;
				CLANG_WARN_BOOL_CONVERSION = YES;
				CLANG_WARN_COMMA = YES;
				CLANG_WARN_CONSTANT_CONVERSION = YES;
				CLANG_WARN_DEPRECATED_OBJC_IMPLEMENTATIONS = YES;
				CLANG_WARN_DIRECT_OBJC_ISA_USAGE = YES_ERROR;
				CLANG_WARN_DOCUMENTATION_COMMENTS = YES;
				CLANG_WARN_EMPTY_BODY = YES;
				CLANG_WARN_ENUM_CONVERSION = YES;
				CLANG_WARN_INFINITE_RECURSION = YES;
				CLANG_WARN_INT_CONVERSION = YES;
				CLANG_WARN_NON_LITERAL_NULL_CONVERSION = YES;
				CLANG_WARN_OBJC_IMPLICIT_RETAIN_SELF = YES;
				CLANG_WARN_OBJC_LITERAL_CONVERSION = YES;
				CLANG_WARN_OBJC_ROOT_CLASS = YES_ERROR;
				CLANG_WARN_QUOTED_INCLUDE_IN_FRAMEWORK_HEADER = YES;
				CLANG_WARN_RANGE_LOOP_ANALYSIS = YES;
				CLANG_WARN_STRICT_PROTOTYPES = YES;
				CLANG_WARN_SUSPICIOUS_MOVE = YES;
				CLANG_WARN_UNGUARDED_AVAILABILITY = YES_AGGRESSIVE;
				CLANG_WARN_UNREACHABLE_CODE = YES;
				CLANG_WARN__DUPLICATE_METHOD_MATCH = YES;
				CODE_SIGN_IDENTITY = "iPhone Developer";
				CODE_SIGN_STYLE = Automatic;
				COPY_PHASE_STRIP = NO;
				CURRENT_PROJECT_VERSION = 1;
				DEBUG_INFORMATION_FORMAT = dwarf;
				ENABLE_STRICT_OBJC_MSGSEND = YES;
				ENABLE_TESTABILITY = YES;
				GCC_C_LANGUAGE_STANDARD = gnu11;
				GCC_DYNAMIC_NO_PIC = NO;
				GCC_NO_COMMON_BLOCKS = YES;
				GCC_OPTIMIZATION_LEVEL = 0;
				GCC_PREPROCESSOR_DEFINITIONS = (
					"$(inherited)",
					"DEBUG=1",
				);
				GCC_WARN_64_TO_32_BIT_CONVERSION = YES;
				GCC_WARN_ABOUT_RETURN_TYPE = YES_ERROR;
				GCC_WARN_UNDECLARED_SELECTOR = YES;
				GCC_WARN_UNINITIALIZED_AUTOS = YES_AGGRESSIVE;
				GCC_WARN_UNUSED_FUNCTION = YES;
				GCC_WARN_UNUSED_VARIABLE = YES;
				IPHONEOS_DEPLOYMENT_TARGET = 16.0;
				MARKETING_VERSION = 1.0.0;
				MTL_ENABLE_DEBUG_INFO = INCLUDE_SOURCE;
				MTL_FAST_MATH = YES;
				ONLY_ACTIVE_ARCH = YES;
				PRODUCT_NAME = Budget;
				SDKROOT = iphoneos;
				SWIFT_ACTIVE_COMPILATION_CONDITIONS = DEBUG;
				SWIFT_OPTIMIZATION_LEVEL = "-Onone";
				SWIFT_VERSION = 5.0;
			};
			name = Debug;
		};
		8FBA4A7D1309337DF7EE7EBC /* Debug */ = {
			isa = XCBuildConfiguration;
			buildSettings = {
				ASSETCATALOG_COMPILER_APPICON_NAME = AppIcon;
				CODE_SIGN_ENTITLEMENTS = Budget/Budget.entitlements;
				CODE_SIGN_IDENTITY = "iPhone Developer";
				CODE_SIGN_STYLE = Automatic;
				CURRENT_PROJECT_VERSION = 1;
				DEVELOPMENT_TEAM = 4H9NWHD2A8;
				INFOPLIST_FILE = Budget/Info.plist;
				LD_RUNPATH_SEARCH_PATHS = (
					"$(inherited)",
					"@executable_path/Frameworks",
				);
				MARKETING_VERSION = 1.0.0;
				PRODUCT_BUNDLE_IDENTIFIER = com.Budget.Consultant;
				SDKROOT = iphoneos;
				SUPPORTED_PLATFORMS = "iphoneos iphonesimulator";
				SUPPORTS_MACCATALYST = NO;
				SUPPORTS_MAC_DESIGNED_FOR_IPHONE_IPAD = NO;
				SUPPORTS_XR_DESIGNED_FOR_IPHONE_IPAD = YES;
				TARGETED_DEVICE_FAMILY = "1,2";
			};
			name = Debug;
		};
/* End XCBuildConfiguration section */

/* Begin XCConfigurationList section */
		082E544B8F7DC93AB324E94C /* Build configuration list for PBXProject "Budget" */ = {
			isa = XCConfigurationList;
			buildConfigurations = (
				8EB5046102E618DD1AD31F53 /* Debug */,
				287F6A5363E5C17AD3C781BC /* Release */,
			);
			defaultConfigurationIsVisible = 0;
			defaultConfigurationName = Debug;
		};
		378AD6AF88D4E4539C9E61B7 /* Build configuration list for PBXNativeTarget "Budget" */ = {
			isa = XCConfigurationList;
			buildConfigurations = (
				8FBA4A7D1309337DF7EE7EBC /* Debug */,
				871605B27432B7E0D42E1E2C /* Release */,
			);
			defaultConfigurationIsVisible = 0;
			defaultConfigurationName = Debug;
		};
/* End XCConfigurationList section */
	};
	rootObject = F211A290D1186B8F60580068 /* Project object */;
}
